
Microsoft Visual Studio Solution File, Format Version 12.00
# Visual Studio Version 17
VisualStudioVersion = 17.0.31903.59
MinimumVisualStudioVersion = 10.0.40219.1
Project("{FAE04EC0-301F-11D3-BF4B-00C04F79EFBC}") = "ConsoleApp", "ConsoleApp\ConsoleApp.csproj", "{480E8648-F578-4617-ABBE-64B21C2086AD}"
EndProject
Project("{FAE04EC0-301F-11D3-BF4B-00C04F79EFBC}") = "CalcTest", "CalcTest\CalcTest.csproj", "{6E351EA1-C99E-4B91-92F2-61A03B2795E6}"
EndProject
Global
	GlobalSection(SolutionConfigurationPlatforms) = preSolution
		Debug|Any CPU = Debug|Any CPU
		Release|Any CPU = Release|Any CPU
	EndGlobalSection
	GlobalSection(SolutionProperties) = preSolution
		HideSolutionNode = FALSE
	EndGlobalSection
	GlobalSection(ProjectConfigurationPlatforms) = postSolution
		{480E8648-F578-4617-ABBE-64B21C2086AD}.Debug|Any CPU.ActiveCfg = Debug|Any CPU
		{480E8648-F578-4617-ABBE-64B21C2086AD}.Debug|Any CPU.Build.0 = Debug|Any CPU
		{480E8648-F578-4617-ABBE-64B21C2086AD}.Release|Any CPU.ActiveCfg = Release|Any CPU
		{480E8648-F578-4617-ABBE-64B21C2086AD}.Release|Any CPU.Build.0 = Release|Any CPU
		{1A8073E2-A445-41C3-BE56-CB4591EDB399}.Debug|Any CPU.ActiveCfg = Debug|Any CPU
		{1A8073E2-A445-41C3-BE56-CB4591EDB399}.Debug|Any CPU.Build.0 = Debug|Any CPU
		{1A8073E2-A445-41C3-BE56-CB4591EDB399}.Release|Any CPU.ActiveCfg = Release|Any CPU
		{1A8073E2-A445-41C3-BE56-CB4591EDB399}.Release|Any CPU.Build.0 = Release|Any CPU
		{6E351EA1-C99E-4B91-92F2-61A03B2795E6}.Debug|Any CPU.ActiveCfg = Debug|Any CPU
		{6E351EA1-C99E-4B91-92F2-61A03B2795E6}.Debug|Any CPU.Build.0 = Debug|Any CPU
		{6E351EA1-C99E-4B91-92F2-61A03B2795E6}.Release|Any CPU.ActiveCfg = Release|Any CPU
		{6E351EA1-C99E-4B91-92F2-61A03B2795E6}.Release|Any CPU.Build.0 = Release|Any CPU
	EndGlobalSection
	GlobalSection(NestedProjects) = preSolution
		{1A8073E2-A445-41C3-BE56-CB4591EDB399} = {FF78D529-DE64-46B2-8EE4-FD1D618EC55E}
	EndGlobalSection
EndGlobal
